
Microsoft Visual Studio Solution File, Format Version 10.00
# Visual Studio 2008
Project("{8BC9CEB8-8B4A-11D0-8D11-00A0C91BC942}") = "PhoneP2p", "PhoneP2p.vcproj", "{A368491B-DEBC-44A4-A843-B405A5AD2977}"
EndProject
Global
	GlobalSection(SolutionConfigurationPlatforms) = preSolution
		Debug|DUALISDK (ARMV4I) = Debug|DUALISDK (ARMV4I)
		Debug|STANDARDSDK_500 (ARMV4I) = Debug|STANDARDSDK_500 (ARMV4I)
		Debug|STANDARDSDK_500 (MIPSII) = Debug|STANDARDSDK_500 (MIPSII)
		Debug|STANDARDSDK_500 (MIPSII_FP) = Debug|STANDARDSDK_500 (MIPSII_FP)
		Debug|STANDARDSDK_500 (MIPSIV) = Debug|STANDARDSDK_500 (MIPSIV)
		Debug|STANDARDSDK_500 (MIPSIV_FP) = Debug|STANDARDSDK_500 (MIPSIV_FP)
		Debug|STANDARDSDK_500 (SH4) = Debug|STANDARDSDK_500 (SH4)
		Debug|STANDARDSDK_500 (x86) = Debug|STANDARDSDK_500 (x86)
		Release|DUALISDK (ARMV4I) = Release|DUALISDK (ARMV4I)
		Release|STANDARDSDK_500 (ARMV4I) = Release|STANDARDSDK_500 (ARMV4I)
		Release|STANDARDSDK_500 (MIPSII) = Release|STANDARDSDK_500 (MIPSII)
		Release|STANDARDSDK_500 (MIPSII_FP) = Release|STANDARDSDK_500 (MIPSII_FP)
		Release|STANDARDSDK_500 (MIPSIV) = Release|STANDARDSDK_500 (MIPSIV)
		Release|STANDARDSDK_500 (MIPSIV_FP) = Release|STANDARDSDK_500 (MIPSIV_FP)
		Release|STANDARDSDK_500 (SH4) = Release|STANDARDSDK_500 (SH4)
		Release|STANDARDSDK_500 (x86) = Release|STANDARDSDK_500 (x86)
	EndGlobalSection
	GlobalSection(ProjectConfigurationPlatforms) = postSolution
		{A368491B-DEBC-44A4-A843-B405A5AD2977}.Debug|DUALISDK (ARMV4I).ActiveCfg = Debug|DUALISDK (ARMV4I)
		{A368491B-DEBC-44A4-A843-B405A5AD2977}.Debug|DUALISDK (ARMV4I).Build.0 = Debug|DUALISDK (ARMV4I)
		{A368491B-DEBC-44A4-A843-B405A5AD2977}.Debug|DUALISDK (ARMV4I).Deploy.0 = Debug|DUALISDK (ARMV4I)
		{A368491B-DEBC-44A4-A843-B405A5AD2977}.Debug|STANDARDSDK_500 (ARMV4I).ActiveCfg = Debug|STANDARDSDK_500 (ARMV4I)
		{A368491B-DEBC-44A4-A843-B405A5AD2977}.Debug|STANDARDSDK_500 (ARMV4I).Build.0 = Debug|STANDARDSDK_500 (ARMV4I)
		{A368491B-DEBC-44A4-A843-B405A5AD2977}.Debug|STANDARDSDK_500 (ARMV4I).Deploy.0 = Debug|STANDARDSDK_500 (ARMV4I)
		{A368491B-DEBC-44A4-A843-B405A5AD2977}.Debug|STANDARDSDK_500 (MIPSII).ActiveCfg = Debug|STANDARDSDK_500 (MIPSII)
		{A368491B-DEBC-44A4-A843-B405A5AD2977}.Debug|STANDARDSDK_500 (MIPSII).Build.0 = Debug|STANDARDSDK_500 (MIPSII)
		{A368491B-DEBC-44A4-A843-B405A5AD2977}.Debug|STANDARDSDK_500 (MIPSII).Deploy.0 = Debug|STANDARDSDK_500 (MIPSII)
		{A368491B-DEBC-44A4-A843-B405A5AD2977}.Debug|STANDARDSDK_500 (MIPSII_FP).ActiveCfg = Debug|STANDARDSDK_500 (MIPSII_FP)
		{A368491B-DEBC-44A4-A843-B405A5AD2977}.Debug|STANDARDSDK_500 (MIPSII_FP).Build.0 = Debug|STANDARDSDK_500 (MIPSII_FP)
		{A368491B-DEBC-44A4-A843-B405A5AD2977}.Debug|STANDARDSDK_500 (MIPSII_FP).Deploy.0 = Debug|STANDARDSDK_500 (MIPSII_FP)
		{A368491B-DEBC-44A4-A843-B405A5AD2977}.Debug|STANDARDSDK_500 (MIPSIV).ActiveCfg = Debug|STANDARDSDK_500 (MIPSIV)
		{A368491B-DEBC-44A4-A843-B405A5AD2977}.Debug|STANDARDSDK_500 (MIPSIV).Build.0 = Debug|STANDARDSDK_500 (MIPSIV)
		{A368491B-DEBC-44A4-A843-B405A5AD2977}.Debug|STANDARDSDK_500 (MIPSIV).Deploy.0 = Debug|STANDARDSDK_500 (MIPSIV)
		{A368491B-DEBC-44A4-A843-B405A5AD2977}.Debug|STANDARDSDK_500 (MIPSIV_FP).ActiveCfg = Debug|STANDARDSDK_500 (MIPSIV_FP)
		{A368491B-DEBC-44A4-A843-B405A5AD2977}.Debug|STANDARDSDK_500 (MIPSIV_FP).Build.0 = Debug|STANDARDSDK_500 (MIPSIV_FP)
		{A368491B-DEBC-44A4-A843-B405A5AD2977}.Debug|STANDARDSDK_500 (MIPSIV_FP).Deploy.0 = Debug|STANDARDSDK_500 (MIPSIV_FP)
		{A368491B-DEBC-44A4-A843-B405A5AD2977}.Debug|STANDARDSDK_500 (SH4).ActiveCfg = Debug|STANDARDSDK_500 (SH4)
		{A368491B-DEBC-44A4-A843-B405A5AD2977}.Debug|STANDARDSDK_500 (SH4).Build.0 = Debug|STANDARDSDK_500 (SH4)
		{A368491B-DEBC-44A4-A843-B405A5AD2977}.Debug|STANDARDSDK_500 (SH4).Deploy.0 = Debug|STANDARDSDK_500 (SH4)
		{A368491B-DEBC-44A4-A843-B405A5AD2977}.Debug|STANDARDSDK_500 (x86).ActiveCfg = Debug|STANDARDSDK_500 (x86)
		{A368491B-DEBC-44A4-A843-B405A5AD2977}.Debug|STANDARDSDK_500 (x86).Build.0 = Debug|STANDARDSDK_500 (x86)
		{A368491B-DEBC-44A4-A843-B405A5AD2977}.Debug|STANDARDSDK_500 (x86).Deploy.0 = Debug|STANDARDSDK_500 (x86)
		{A368491B-DEBC-44A4-A843-B405A5AD2977}.Release|DUALISDK (ARMV4I).ActiveCfg = Release|DUALISDK (ARMV4I)
		{A368491B-DEBC-44A4-A843-B405A5AD2977}.Release|DUALISDK (ARMV4I).Build.0 = Release|DUALISDK (ARMV4I)
		{A368491B-DEBC-44A4-A843-B405A5AD2977}.Release|DUALISDK (ARMV4I).Deploy.0 = Release|DUALISDK (ARMV4I)
		{A368491B-DEBC-44A4-A843-B405A5AD2977}.Release|STANDARDSDK_500 (ARMV4I).ActiveCfg = Release|STANDARDSDK_500 (ARMV4I)
		{A368491B-DEBC-44A4-A843-B405A5AD2977}.Release|STANDARDSDK_500 (ARMV4I).Build.0 = Release|STANDARDSDK_500 (ARMV4I)
		{A368491B-DEBC-44A4-A843-B405A5AD2977}.Release|STANDARDSDK_500 (ARMV4I).Deploy.0 = Release|STANDARDSDK_500 (ARMV4I)
		{A368491B-DEBC-44A4-A843-B405A5AD2977}.Release|STANDARDSDK_500 (MIPSII).ActiveCfg = Release|STANDARDSDK_500 (MIPSII)
		{A368491B-DEBC-44A4-A843-B405A5AD2977}.Release|STANDARDSDK_500 (MIPSII).Build.0 = Release|STANDARDSDK_500 (MIPSII)
		{A368491B-DEBC-44A4-A843-B405A5AD2977}.Release|STANDARDSDK_500 (MIPSII).Deploy.0 = Release|STANDARDSDK_500 (MIPSII)
		{A368491B-DEBC-44A4-A843-B405A5AD2977}.Release|STANDARDSDK_500 (MIPSII_FP).ActiveCfg = Release|STANDARDSDK_500 (MIPSII_FP)
		{A368491B-DEBC-44A4-A843-B405A5AD2977}.Release|STANDARDSDK_500 (MIPSII_FP).Build.0 = Release|STANDARDSDK_500 (MIPSII_FP)
		{A368491B-DEBC-44A4-A843-B405A5AD2977}.Release|STANDARDSDK_500 (MIPSII_FP).Deploy.0 = Release|STANDARDSDK_500 (MIPSII_FP)
		{A368491B-DEBC-44A4-A843-B405A5AD2977}.Release|STANDARDSDK_500 (MIPSIV).ActiveCfg = Release|STANDARDSDK_500 (MIPSIV)
		{A368491B-DEBC-44A4-A843-B405A5AD2977}.Release|STANDARDSDK_500 (MIPSIV).Build.0 = Release|STANDARDSDK_500 (MIPSIV)
		{A368491B-DEBC-44A4-A843-B405A5AD2977}.Release|STANDARDSDK_500 (MIPSIV).Deploy.0 = Release|STANDARDSDK_500 (MIPSIV)
		{A368491B-DEBC-44A4-A843-B405A5AD2977}.Release|STANDARDSDK_500 (MIPSIV_FP).ActiveCfg = Release|STANDARDSDK_500 (MIPSIV_FP)
		{A368491B-DEBC-44A4-A843-B405A5AD2977}.Release|STANDARDSDK_500 (MIPSIV_FP).Build.0 = Release|STANDARDSDK_500 (MIPSIV_FP)
		{A368491B-DEBC-44A4-A843-B405A5AD2977}.Release|STANDARDSDK_500 (MIPSIV_FP).Deploy.0 = Release|STANDARDSDK_500 (MIPSIV_FP)
		{A368491B-DEBC-44A4-A843-B405A5AD2977}.Release|STANDARDSDK_500 (SH4).ActiveCfg = Release|STANDARDSDK_500 (SH4)
		{A368491B-DEBC-44A4-A843-B405A5AD2977}.Release|STANDARDSDK_500 (SH4).Build.0 = Release|STANDARDSDK_500 (SH4)
		{A368491B-DEBC-44A4-A843-B405A5AD2977}.Release|STANDARDSDK_500 (SH4).Deploy.0 = Release|STANDARDSDK_500 (SH4)
		{A368491B-DEBC-44A4-A843-B405A5AD2977}.Release|STANDARDSDK_500 (x86).ActiveCfg = Release|STANDARDSDK_500 (x86)
		{A368491B-DEBC-44A4-A843-B405A5AD2977}.Release|STANDARDSDK_500 (x86).Build.0 = Release|STANDARDSDK_500 (x86)
		{A368491B-DEBC-44A4-A843-B405A5AD2977}.Release|STANDARDSDK_500 (x86).Deploy.0 = Release|STANDARDSDK_500 (x86)
	EndGlobalSection
	GlobalSection(SolutionProperties) = preSolution
		HideSolutionNode = FALSE
	EndGlobalSection
EndGlobal
