
Microsoft Visual Studio Solution File, Format Version 10.00
# Visual Studio 2008
Project("{8BC9CEB8-8B4A-11D0-8D11-00A0C91BC942}") = "MobileManagerServer", "MobileManagerServer.vcproj", "{50E0AA23-D3C1-46C3-A4B8-A84473EFF992}"
EndProject
Global
	GlobalSection(SolutionConfigurationPlatforms) = preSolution
		Debug|Win32 = Debug|Win32
		Release|Win32 = Release|Win32
	EndGlobalSection
	GlobalSection(ProjectConfigurationPlatforms) = postSolution
		{50E0AA23-D3C1-46C3-A4B8-A84473EFF992}.Debug|Win32.ActiveCfg = Debug|Win32
		{50E0AA23-D3C1-46C3-A4B8-A84473EFF992}.Debug|Win32.Build.0 = Debug|Win32
		{50E0AA23-D3C1-46C3-A4B8-A84473EFF992}.Release|Win32.ActiveCfg = Release|Win32
		{50E0AA23-D3C1-46C3-A4B8-A84473EFF992}.Release|Win32.Build.0 = Release|Win32
	EndGlobalSection
	GlobalSection(SolutionProperties) = preSolution
		HideSolutionNode = FALSE
	EndGlobalSection
EndGlobal
